
Microsoft Visual Studio Solution File, Format Version 12.00
# Visual Studio Version 16
VisualStudioVersion = 16.0.30114.105
MinimumVisualStudioVersion = 10.0.40219.1
Project("{FAE04EC0-301F-11D3-BF4B-00C04F79EFBC}") = "swagstore.api", "swagstore.api\swagstore.api.csproj", "{943F1BEE-82CB-4E17-BFA0-F15666CADFD3}"
EndProject
Project("{FAE04EC0-301F-11D3-BF4B-00C04F79EFBC}") = "swagstore.tests", "swagstore.tests\swagstore.tests.csproj", "{DC4E0C47-B19F-4BF3-A195-F70AE9FBD33F}"
EndProject
Global
	GlobalSection(SolutionConfigurationPlatforms) = preSolution
		Debug|Any CPU = Debug|Any CPU
		Release|Any CPU = Release|Any CPU
	EndGlobalSection
	GlobalSection(SolutionProperties) = preSolution
		HideSolutionNode = FALSE
	EndGlobalSection
	GlobalSection(ProjectConfigurationPlatforms) = postSolution
		{943F1BEE-82CB-4E17-BFA0-F15666CADFD3}.Debug|Any CPU.ActiveCfg = Debug|Any CPU
		{943F1BEE-82CB-4E17-BFA0-F15666CADFD3}.Debug|Any CPU.Build.0 = Debug|Any CPU
		{943F1BEE-82CB-4E17-BFA0-F15666CADFD3}.Release|Any CPU.ActiveCfg = Release|Any CPU
		{943F1BEE-82CB-4E17-BFA0-F15666CADFD3}.Release|Any CPU.Build.0 = Release|Any CPU
		{DC4E0C47-B19F-4BF3-A195-F70AE9FBD33F}.Debug|Any CPU.ActiveCfg = Debug|Any CPU
		{DC4E0C47-B19F-4BF3-A195-F70AE9FBD33F}.Debug|Any CPU.Build.0 = Debug|Any CPU
		{DC4E0C47-B19F-4BF3-A195-F70AE9FBD33F}.Release|Any CPU.ActiveCfg = Release|Any CPU
		{DC4E0C47-B19F-4BF3-A195-F70AE9FBD33F}.Release|Any CPU.Build.0 = Release|Any CPU
	EndGlobalSection
EndGlobal
